{
  "name": "adoptaplant",
  "version": "1.0.0",
  "lockfileVersion": 1,
  "requires": true,
  "dependencies": {
    "bindings": {
      "version": "1.5.0",
      "resolved": "https://registry.npmjs.org/bindings/-/bindings-1.5.0.tgz",
      "integrity": "sha512-p2q/t/mhvuOj/UeLlV6566GD/guowlr0hHxClI0W9m7MWYkL1F0hLo+0Aexs9HSPCtR1SXQ0TD3MMKrXZajbiQ==",
      "requires": {
        "file-uri-to-path": "1.0.0"
      }
    },
    "epoll": {
      "version": "3.0.0",
      "resolved": "https://registry.npmjs.org/epoll/-/epoll-3.0.0.tgz",
      "integrity": "sha512-Cr4yBZUkoKeTfi9Vr+7h1VhUYPP6t9f1/jgJOmEc2UEcWQqEOr5c4jdM0htJf+uB6KTGffDZGyR1UUUoclTwMQ==",
      "requires": {
        "bindings": "^1.5.0",
        "nan": "^2.14.0"
      }
    },
    "file-uri-to-path": {
      "version": "1.0.0",
      "resolved": "https://registry.npmjs.org/file-uri-to-path/-/file-uri-to-path-1.0.0.tgz",
      "integrity": "sha512-0Zt+s3L7Vf1biwWZ29aARiVYLx7iMGnEUl9x33fbB/j3jR81u/O2LbqK+Bm1CDSNDKVtJ/YjwY7TUd5SkeLQLw=="
    },
    "lodash.debounce": {
      "version": "4.0.8",
      "resolved": "https://registry.npmjs.org/lodash.debounce/-/lodash.debounce-4.0.8.tgz",
      "integrity": "sha1-gteb/zCmfEAF/9XiUVMArZyk168="
    },
    "nan": {
      "version": "2.14.0",
      "resolved": "https://registry.npmjs.org/nan/-/nan-2.14.0.tgz",
      "integrity": "sha512-INOFj37C7k3AfaNTtX8RhsTw7qRy7eLET14cROi9+5HAVbbHuIWUHEauBv5qT4Av2tWasiTY1Jw6puUNqRJXQg=="
    },
    "node-addon-api": {
      "version": "1.7.1",
      "resolved": "https://registry.npmjs.org/node-addon-api/-/node-addon-api-1.7.1.tgz",
      "integrity": "sha512-2+DuKodWvwRTrCfKOeR24KIc5unKjOh8mz17NCzVnHWfjAdDqbfbjqh7gUT+BkXBRQM52+xCHciKWonJ3CbJMQ=="
    },
    "node-dht-sensor": {
      "version": "0.4.0",
      "resolved": "https://registry.npmjs.org/node-dht-sensor/-/node-dht-sensor-0.4.0.tgz",
      "integrity": "sha512-wY7Cp5VjVcKj8Nc41j5igFU9DakU87RloRlyPO5y/JOZLBnHmJQBZ+Du6pDJjUtns5jwZnLjd9qQr8mkJls/YA==",
      "requires": {
        "node-addon-api": "^1.6.3"
      }
    },
    "onoff": {
      "version": "5.0.1",
      "resolved": "https://registry.npmjs.org/onoff/-/onoff-5.0.1.tgz",
      "integrity": "sha512-klKLu62wVU/rt3dyiltupMuDifcfScfGsdNLdjncJBoZP7PXsJP/oEBspiB7va1SnG2muyrpl6BYD+R/nsUFMw==",
      "requires": {
        "epoll": "^3.0.0",
        "lodash.debounce": "^4.0.8"
      }
    }
  }
}
